// !$*UTF8*$!
{
	archiveVersion = 1;
	classes = {
	};
	objectVersion = 55;
	objects = {

/* Begin PBXBuildFile section */
		7518EADC27DF152500AB4D21 /* PhotosUIApp.swift in Sources */ = {isa = PBXBuildFile; fileRef = 7518EADB27DF152500AB4D21 /* PhotosUIApp.swift */; };
		7518EADE27DF152500AB4D21 /* ContentView.swift in Sources */ = {isa = PBXBuildFile; fileRef = 7518EADD27DF152500AB4D21 /* ContentView.swift */; };
		7518EAE027DF152500AB4D21 /* Assets.xcassets in Resources */ = {isa = PBXBuildFile; fileRef = 7518EADF27DF152500AB4D21 /* Assets.xcassets */; };
		7518EAE327DF152500AB4D21 /* Preview Assets.xcassets in Resources */ = {isa = PBXBuildFile; fileRef = 7518EAE227DF152500AB4D21 /* Preview Assets.xcassets */; };
		7518EAF027DF22A500AB4D21 /* ImagePicker.swift in Sources */ = {isa = PBXBuildFile; fileRef = 7518EAEF27DF22A500AB4D21 /* ImagePicker.swift */; };
		7518EAF227DF233A00AB4D21 /* ViewModel.swift in Sources */ = {isa = PBXBuildFile; fileRef = 7518EAF127DF233A00AB4D21 /* ViewModel.swift */; };
		7518EAF527DF293400AB4D21 /* FileManger_Extension.swift in Sources */ = {isa = PBXBuildFile; fileRef = 7518EAF427DF293400AB4D21 /* FileManger_Extension.swift */; };
		7518EAF727DF2B0D00AB4D21 /* Picker.swift in Sources */ = {isa = PBXBuildFile; fileRef = 7518EAF627DF2B0D00AB4D21 /* Picker.swift */; };
		7518EAF927DF2EFF00AB4D21 /* ZoomableScrollView.swift in Sources */ = {isa = PBXBuildFile; fileRef = 7518EAF827DF2EFF00AB4D21 /* ZoomableScrollView.swift */; };
/* End PBXBuildFile section */

/* Begin PBXFileReference section */
		7518EAD827DF152500AB4D21 /* PhotosUI.app */ = {isa = PBXFileReference; explicitFileType = wrapper.application; includeInIndex = 0; path = PhotosUI.app; sourceTree = BUILT_PRODUCTS_DIR; };
		7518EADB27DF152500AB4D21 /* PhotosUIApp.swift */ = {isa = PBXFileReference; lastKnownFileType = sourcecode.swift; path = PhotosUIApp.swift; sourceTree = "<group>"; };
		7518EADD27DF152500AB4D21 /* ContentView.swift */ = {isa = PBXFileReference; lastKnownFileType = sourcecode.swift; path = ContentView.swift; sourceTree = "<group>"; };
		7518EADF27DF152500AB4D21 /* Assets.xcassets */ = {isa = PBXFileReference; lastKnownFileType = folder.assetcatalog; path = Assets.xcassets; sourceTree = "<group>"; };
		7518EAE227DF152500AB4D21 /* Preview Assets.xcassets */ = {isa = PBXFileReference; lastKnownFileType = folder.assetcatalog; path = "Preview Assets.xcassets"; sourceTree = "<group>"; };
		7518EAEF27DF22A500AB4D21 /* ImagePicker.swift */ = {isa = PBXFileReference; lastKnownFileType = sourcecode.swift; path = ImagePicker.swift; sourceTree = "<group>"; };
		7518EAF127DF233A00AB4D21 /* ViewModel.swift */ = {isa = PBXFileReference; lastKnownFileType = sourcecode.swift; path = ViewModel.swift; sourceTree = "<group>"; };
		7518EAF427DF293400AB4D21 /* FileManger_Extension.swift */ = {isa = PBXFileReference; lastKnownFileType = sourcecode.swift; path = FileManger_Extension.swift; sourceTree = "<group>"; };
		7518EAF627DF2B0D00AB4D21 /* Picker.swift */ = {isa = PBXFileReference; lastKnownFileType = sourcecode.swift; path = Picker.swift; sourceTree = "<group>"; };
		7518EAF827DF2EFF00AB4D21 /* ZoomableScrollView.swift */ = {isa = PBXFileReference; lastKnownFileType = sourcecode.swift; path = ZoomableScrollView.swift; sourceTree = "<group>"; };
/* End PBXFileReference section */

/* Begin PBXFrameworksBuildPhase section */
		7518EAD527DF152500AB4D21 /* Frameworks */ = {
			isa = PBXFrameworksBuildPhase;
			buildActionMask = 2147483647;
			files = (
			);
			runOnlyForDeploymentPostprocessing = 0;
		};
/* End PBXFrameworksBuildPhase section */

/* Begin PBXGroup section */
		7518EACF27DF152500AB4D21 = {
			isa = PBXGroup;
			children = (
				7518EADA27DF152500AB4D21 /* PhotosUI */,
				7518EAD927DF152500AB4D21 /* Products */,
			);
			sourceTree = "<group>";
		};
		7518EAD927DF152500AB4D21 /* Products */ = {
			isa = PBXGroup;
			children = (
				7518EAD827DF152500AB4D21 /* PhotosUI.app */,
			);
			name = Products;
			sourceTree = "<group>";
		};
		7518EADA27DF152500AB4D21 /* PhotosUI */ = {
			isa = PBXGroup;
			children = (
				7518EAF327DF292500AB4D21 /* FileManger_Extension */,
				7518EAEE27DF228600AB4D21 /* UIVeiwRepresntable */,
				7518EAED27DF21F800AB4D21 /* Model */,
				7518EAEC27DF21F100AB4D21 /* View */,
				7518EAEB27DF21EB00AB4D21 /* ViewModel */,
				7518EADB27DF152500AB4D21 /* PhotosUIApp.swift */,
				7518EADF27DF152500AB4D21 /* Assets.xcassets */,
				7518EAE127DF152500AB4D21 /* Preview Content */,
			);
			path = PhotosUI;
			sourceTree = "<group>";
		};
		7518EAE127DF152500AB4D21 /* Preview Content */ = {
			isa = PBXGroup;
			children = (
				7518EAE227DF152500AB4D21 /* Preview Assets.xcassets */,
			);
			path = "Preview Content";
			sourceTree = "<group>";
		};
		7518EAEB27DF21EB00AB4D21 /* ViewModel */ = {
			isa = PBXGroup;
			children = (
				7518EAF127DF233A00AB4D21 /* ViewModel.swift */,
			);
			path = ViewModel;
			sourceTree = "<group>";
		};
		7518EAEC27DF21F100AB4D21 /* View */ = {
			isa = PBXGroup;
			children = (
				7518EADD27DF152500AB4D21 /* ContentView.swift */,
			);
			path = View;
			sourceTree = "<group>";
		};
		7518EAED27DF21F800AB4D21 /* Model */ = {
			isa = PBXGroup;
			children = (
				7518EAF627DF2B0D00AB4D21 /* Picker.swift */,
			);
			path = Model;
			sourceTree = "<group>";
		};
		7518EAEE27DF228600AB4D21 /* UIVeiwRepresntable */ = {
			isa = PBXGroup;
			children = (
				7518EAF827DF2EFF00AB4D21 /* ZoomableScrollView.swift */,
				7518EAEF27DF22A500AB4D21 /* ImagePicker.swift */,
			);
			path = UIVeiwRepresntable;
			sourceTree = "<group>";
		};
		7518EAF327DF292500AB4D21 /* FileManger_Extension */ = {
			isa = PBXGroup;
			children = (
				7518EAF427DF293400AB4D21 /* FileManger_Extension.swift */,
			);
			path = FileManger_Extension;
			sourceTree = "<group>";
		};
/* End PBXGroup section */

/* Begin PBXNativeTarget section */
		7518EAD727DF152500AB4D21 /* PhotosUI */ = {
			isa = PBXNativeTarget;
			buildConfigurationList = 7518EAE627DF152500AB4D21 /* Build configuration list for PBXNativeTarget "PhotosUI" */;
			buildPhases = (
				7518EAD427DF152500AB4D21 /* Sources */,
				7518EAD527DF152500AB4D21 /* Frameworks */,
				7518EAD627DF152500AB4D21 /* Resources */,
			);
			buildRules = (
			);
			dependencies = (
			);
			name = PhotosUI;
			productName = PhotosUI;
			productReference = 7518EAD827DF152500AB4D21 /* PhotosUI.app */;
			productType = "com.apple.product-type.application";
		};
/* End PBXNativeTarget section */

/* Begin PBXProject section */
		7518EAD027DF152500AB4D21 /* Project object */ = {
			isa = PBXProject;
			attributes = {
				BuildIndependentTargetsInParallel = 1;
				LastSwiftUpdateCheck = 1320;
				LastUpgradeCheck = 1320;
				TargetAttributes = {
					7518EAD727DF152500AB4D21 = {
						CreatedOnToolsVersion = 13.2.1;
					};
				};
			};
			buildConfigurationList = 7518EAD327DF152500AB4D21 /* Build configuration list for PBXProject "PhotosUI" */;
			compatibilityVersion = "Xcode 13.0";
			developmentRegion = en;
			hasScannedForEncodings = 0;
			knownRegions = (
				en,
				Base,
			);
			mainGroup = 7518EACF27DF152500AB4D21;
			productRefGroup = 7518EAD927DF152500AB4D21 /* Products */;
			projectDirPath = "";
			projectRoot = "";
			targets = (
				7518EAD727DF152500AB4D21 /* PhotosUI */,
			);
		};
/* End PBXProject section */

/* Begin PBXResourcesBuildPhase section */
		7518EAD627DF152500AB4D21 /* Resources */ = {
			isa = PBXResourcesBuildPhase;
			buildActionMask = 2147483647;
			files = (
				7518EAE327DF152500AB4D21 /* Preview Assets.xcassets in Resources */,
				7518EAE027DF152500AB4D21 /* Assets.xcassets in Resources */,
			);
			runOnlyForDeploymentPostprocessing = 0;
		};
/* End PBXResourcesBuildPhase section */

/* Begin PBXSourcesBuildPhase section */
		7518EAD427DF152500AB4D21 /* Sources */ = {
			isa = PBXSourcesBuildPhase;
			buildActionMask = 2147483647;
			files = (
				7518EAF927DF2EFF00AB4D21 /* ZoomableScrollView.swift in Sources */,
				7518EAF027DF22A500AB4D21 /* ImagePicker.swift in Sources */,
				7518EAF727DF2B0D00AB4D21 /* Picker.swift in Sources */,
				7518EADE27DF152500AB4D21 /* ContentView.swift in Sources */,
				7518EAF527DF293400AB4D21 /* FileManger_Extension.swift in Sources */,
				7518EAF227DF233A00AB4D21 /* ViewModel.swift in Sources */,
				7518EADC27DF152500AB4D21 /* PhotosUIApp.swift in Sources */,
			);
			runOnlyForDeploymentPostprocessing = 0;
		};
/* End PBXSourcesBuildPhase section */

/* Begin XCBuildConfiguration section */
		7518EAE427DF152500AB4D21 /* Debug */ = {
			isa = XCBuildConfiguration;
			buildSettings = {
				ALWAYS_SEARCH_USER_PATHS = NO;
				CLANG_ANALYZER_NONNULL = YES;
				CLANG_ANALYZER_NUMBER_OBJECT_CONVERSION = YES_AGGRESSIVE;
				CLANG_CXX_LANGUAGE_STANDARD = "gnu++17";
				CLANG_CXX_LIBRARY = "libc++";
				CLANG_ENABLE_MODULES = YES;
				CLANG_ENABLE_OBJC_ARC = YES;
				CLANG_ENABLE_OBJC_WEAK = YES;
				CLANG_WARN_BLOCK_CAPTURE_AUTORELEASING = YES;
				CLANG_WARN_BOOL_CONVERSION = YES;
				CLANG_WARN_COMMA = YES;
				CLANG_WARN_CONSTANT_CONVERSION = YES;
				CLANG_WARN_DEPRECATED_OBJC_IMPLEMENTATIONS = YES;
				CLANG_WARN_DIRECT_OBJC_ISA_USAGE = YES_ERROR;
				CLANG_WARN_DOCUMENTATION_COMMENTS = YES;
				CLANG_WARN_EMPTY_BODY = YES;
				CLANG_WARN_ENUM_CONVERSION = YES;
				CLANG_WARN_INFINITE_RECURSION = YES;
				CLANG_WARN_INT_CONVERSION = YES;
				CLANG_WARN_NON_LITERAL_NULL_CONVERSION = YES;
				CLANG_WARN_OBJC_IMPLICIT_RETAIN_SELF = YES;
				CLANG_WARN_OBJC_LITERAL_CONVERSION = YES;
				CLANG_WARN_OBJC_ROOT_CLASS = YES_ERROR;
				CLANG_WARN_QUOTED_INCLUDE_IN_FRAMEWORK_HEADER = YES;
				CLANG_WARN_RANGE_LOOP_ANALYSIS = YES;
				CLANG_WARN_STRICT_PROTOTYPES = YES;
				CLANG_WARN_SUSPICIOUS_MOVE = YES;
				CLANG_WARN_UNGUARDED_AVAILABILITY = YES_AGGRESSIVE;
				CLANG_WARN_UNREACHABLE_CODE = YES;
				CLANG_WARN__DUPLICATE_METHOD_MATCH = YES;
				COPY_PHASE_STRIP = NO;
				DEBUG_INFORMATION_FORMAT = dwarf;
				ENABLE_STRICT_OBJC_MSGSEND = YES;
				ENABLE_TESTABILITY = YES;
				GCC_C_LANGUAGE_STANDARD = gnu11;
				GCC_DYNAMIC_NO_PIC = NO;
				GCC_NO_COMMON_BLOCKS = YES;
				GCC_OPTIMIZATION_LEVEL = 0;
				GCC_PREPROCESSOR_DEFINITIONS = (
					"DEBUG=1",
					"$(inherited)",
				);
				GCC_WARN_64_TO_32_BIT_CONVERSION = YES;
				GCC_WARN_ABOUT_RETURN_TYPE = YES_ERROR;
				GCC_WARN_UNDECLARED_SELECTOR = YES;
				GCC_WARN_UNINITIALIZED_AUTOS = YES_AGGRESSIVE;
				GCC_WARN_UNUSED_FUNCTION = YES;
				GCC_WARN_UNUSED_VARIABLE = YES;
				IPHONEOS_DEPLOYMENT_TARGET = 15.2;
				MTL_ENABLE_DEBUG_INFO = INCLUDE_SOURCE;
				MTL_FAST_MATH = YES;
				ONLY_ACTIVE_ARCH = YES;
				SDKROOT = iphoneos;
				SWIFT_ACTIVE_COMPILATION_CONDITIONS = DEBUG;
				SWIFT_OPTIMIZATION_LEVEL = "-Onone";
			};
			name = Debug;
		};
		7518EAE527DF152500AB4D21 /* Release */ = {
			isa = XCBuildConfiguration;
			buildSettings = {
				ALWAYS_SEARCH_USER_PATHS = NO;
				CLANG_ANALYZER_NONNULL = YES;
				CLANG_ANALYZER_NUMBER_OBJECT_CONVERSION = YES_AGGRESSIVE;
				CLANG_CXX_LANGUAGE_STANDARD = "gnu++17";
				CLANG_CXX_LIBRARY = "libc++";
				CLANG_ENABLE_MODULES = YES;
				CLANG_ENABLE_OBJC_ARC = YES;
				CLANG_ENABLE_OBJC_WEAK = YES;
				CLANG_WARN_BLOCK_CAPTURE_AUTORELEASING = YES;
				CLANG_WARN_BOOL_CONVERSION = YES;
				CLANG_WARN_COMMA = YES;
				CLANG_WARN_CONSTANT_CONVERSION = YES;
				CLANG_WARN_DEPRECATED_OBJC_IMPLEMENTATIONS = YES;
				CLANG_WARN_DIRECT_OBJC_ISA_USAGE = YES_ERROR;
				CLANG_WARN_DOCUMENTATION_COMMENTS = YES;
				CLANG_WARN_EMPTY_BODY = YES;
				CLANG_WARN_ENUM_CONVERSION = YES;
				CLANG_WARN_INFINITE_RECURSION = YES;
				CLANG_WARN_INT_CONVERSION = YES;
				CLANG_WARN_NON_LITERAL_NULL_CONVERSION = YES;
				CLANG_WARN_OBJC_IMPLICIT_RETAIN_SELF = YES;
				CLANG_WARN_OBJC_LITERAL_CONVERSION = YES;
				CLANG_WARN_OBJC_ROOT_CLASS = YES_ERROR;
				CLANG_WARN_QUOTED_INCLUDE_IN_FRAMEWORK_HEADER = YES;
				CLANG_WARN_RANGE_LOOP_ANALYSIS = YES;
				CLANG_WARN_STRICT_PROTOTYPES = YES;
				CLANG_WARN_SUSPICIOUS_MOVE = YES;
				CLANG_WARN_UNGUARDED_AVAILABILITY = YES_AGGRESSIVE;
				CLANG_WARN_UNREACHABLE_CODE = YES;
				CLANG_WARN__DUPLICATE_METHOD_MATCH = YES;
				COPY_PHASE_STRIP = NO;
				DEBUG_INFORMATION_FORMAT = "dwarf-with-dsym";
				ENABLE_NS_ASSERTIONS = NO;
				ENABLE_STRICT_OBJC_MSGSEND = YES;
				GCC_C_LANGUAGE_STANDARD = gnu11;
				GCC_NO_COMMON_BLOCKS = YES;
				GCC_WARN_64_TO_32_BIT_CONVERSION = YES;
				GCC_WARN_ABOUT_RETURN_TYPE = YES_ERROR;
				GCC_WARN_UNDECLARED_SELECTOR = YES;
				GCC_WARN_UNINITIALIZED_AUTOS = YES_AGGRESSIVE;
				GCC_WARN_UNUSED_FUNCTION = YES;
				GCC_WARN_UNUSED_VARIABLE = YES;
				IPHONEOS_DEPLOYMENT_TARGET = 15.2;
				MTL_ENABLE_DEBUG_INFO = NO;
				MTL_FAST_MATH = YES;
				SDKROOT = iphoneos;
				SWIFT_COMPILATION_MODE = wholemodule;
				SWIFT_OPTIMIZATION_LEVEL = "-O";
				VALIDATE_PRODUCT = YES;
			};
			name = Release;
		};
		7518EAE727DF152500AB4D21 /* Debug */ = {
			isa = XCBuildConfiguration;
			buildSettings = {
				ASSETCATALOG_COMPILER_APPICON_NAME = AppIcon;
				ASSETCATALOG_COMPILER_GLOBAL_ACCENT_COLOR_NAME = AccentColor;
				CODE_SIGN_STYLE = Automatic;
				CURRENT_PROJECT_VERSION = 1;
				DEVELOPMENT_ASSET_PATHS = "\"PhotosUI/Preview Content\"";
				DEVELOPMENT_TEAM = 7N2TRX73U6;
				ENABLE_PREVIEWS = YES;
				GENERATE_INFOPLIST_FILE = YES;
				INFOPLIST_KEY_NSCameraUsageDescription = "Would like to join your camera & library";
				INFOPLIST_KEY_UIApplicationSceneManifest_Generation = YES;
				INFOPLIST_KEY_UIApplicationSupportsIndirectInputEvents = YES;
				INFOPLIST_KEY_UILaunchScreen_Generation = YES;
				INFOPLIST_KEY_UISupportedInterfaceOrientations_iPad = "UIInterfaceOrientationPortrait UIInterfaceOrientationPortraitUpsideDown UIInterfaceOrientationLandscapeLeft UIInterfaceOrientationLandscapeRight";
				INFOPLIST_KEY_UISupportedInterfaceOrientations_iPhone = "UIInterfaceOrientationPortrait UIInterfaceOrientationLandscapeLeft UIInterfaceOrientationLandscapeRight";
				LD_RUNPATH_SEARCH_PATHS = (
					"$(inherited)",
					"@executable_path/Frameworks",
				);
				MARKETING_VERSION = 1.0;
				PRODUCT_BUNDLE_IDENTIFIER = com.calmkeen.PhotosUI;
				PRODUCT_NAME = "$(TARGET_NAME)";
				SWIFT_EMIT_LOC_STRINGS = YES;
				SWIFT_VERSION = 5.0;
				TARGETED_DEVICE_FAMILY = "1,2";
			};
			name = Debug;
		};
		7518EAE827DF152500AB4D21 /* Release */ = {
			isa = XCBuildConfiguration;
			buildSettings = {
				ASSETCATALOG_COMPILER_APPICON_NAME = AppIcon;
				ASSETCATALOG_COMPILER_GLOBAL_ACCENT_COLOR_NAME = AccentColor;
				CODE_SIGN_STYLE = Automatic;
				CURRENT_PROJECT_VERSION = 1;
				DEVELOPMENT_ASSET_PATHS = "\"PhotosUI/Preview Content\"";
				DEVELOPMENT_TEAM = 7N2TRX73U6;
				ENABLE_PREVIEWS = YES;
				GENERATE_INFOPLIST_FILE = YES;
				INFOPLIST_KEY_NSCameraUsageDescription = "Would like to join your camera & library";
				INFOPLIST_KEY_UIApplicationSceneManifest_Generation = YES;
				INFOPLIST_KEY_UIApplicationSupportsIndirectInputEvents = YES;
				INFOPLIST_KEY_UILaunchScreen_Generation = YES;
				INFOPLIST_KEY_UISupportedInterfaceOrientations_iPad = "UIInterfaceOrientationPortrait UIInterfaceOrientationPortraitUpsideDown UIInterfaceOrientationLandscapeLeft UIInterfaceOrientationLandscapeRight";
				INFOPLIST_KEY_UISupportedInterfaceOrientations_iPhone = "UIInterfaceOrientationPortrait UIInterfaceOrientationLandscapeLeft UIInterfaceOrientationLandscapeRight";
				LD_RUNPATH_SEARCH_PATHS = (
					"$(inherited)",
					"@executable_path/Frameworks",
				);
				MARKETING_VERSION = 1.0;
				PRODUCT_BUNDLE_IDENTIFIER = com.calmkeen.PhotosUI;
				PRODUCT_NAME = "$(TARGET_NAME)";
				SWIFT_EMIT_LOC_STRINGS = YES;
				SWIFT_VERSION = 5.0;
				TARGETED_DEVICE_FAMILY = "1,2";
			};
			name = Release;
		};
/* End XCBuildConfiguration section */

/* Begin XCConfigurationList section */
		7518EAD327DF152500AB4D21 /* Build configuration list for PBXProject "PhotosUI" */ = {
			isa = XCConfigurationList;
			buildConfigurations = (
				7518EAE427DF152500AB4D21 /* Debug */,
				7518EAE527DF152500AB4D21 /* Release */,
			);
			defaultConfigurationIsVisible = 0;
			defaultConfigurationName = Release;
		};
		7518EAE627DF152500AB4D21 /* Build configuration list for PBXNativeTarget "PhotosUI" */ = {
			isa = XCConfigurationList;
			buildConfigurations = (
				7518EAE727DF152500AB4D21 /* Debug */,
				7518EAE827DF152500AB4D21 /* Release */,
			);
			defaultConfigurationIsVisible = 0;
			defaultConfigurationName = Release;
		};
/* End XCConfigurationList section */
	};
	rootObject = 7518EAD027DF152500AB4D21 /* Project object */;
}
